
Microsoft Visual Studio Solution File, Format Version 12.00
# Visual Studio Version 17
VisualStudioVersion = 17.5.33627.172
MinimumVisualStudioVersion = 10.0.40219.1
Project("{FAE04EC0-301F-11D3-BF4B-00C04F79EFBC}") = "AplikacjaMetodyki", "AplikacjaMetodyki.csproj", "{83E80B13-E03F-4BC0-A895-F77DC6605953}"
EndProject
Global
	GlobalSection(SolutionConfigurationPlatforms) = preSolution
		Debug|Any CPU = Debug|Any CPU
		Release|Any CPU = Release|Any CPU
	EndGlobalSection
	GlobalSection(ProjectConfigurationPlatforms) = postSolution
		{83E80B13-E03F-4BC0-A895-F77DC6605953}.Debug|Any CPU.ActiveCfg = Debug|Any CPU
		{83E80B13-E03F-4BC0-A895-F77DC6605953}.Debug|Any CPU.Build.0 = Debug|Any CPU
		{83E80B13-E03F-4BC0-A895-F77DC6605953}.Release|Any CPU.ActiveCfg = Release|Any CPU
		{83E80B13-E03F-4BC0-A895-F77DC6605953}.Release|Any CPU.Build.0 = Release|Any CPU
	EndGlobalSection
	GlobalSection(SolutionProperties) = preSolution
		HideSolutionNode = FALSE
	EndGlobalSection
	GlobalSection(ExtensibilityGlobals) = postSolution
		SolutionGuid = {FBA85BFC-3241-4297-862B-02BAB0F3B0D8}
	EndGlobalSection
EndGlobal
